
Microsoft Visual Studio Solution File, Format Version 12.00
# Visual Studio Version 17
VisualStudioVersion = 17.5.33414.496
MinimumVisualStudioVersion = 10.0.40219.1
Project("{FAE04EC0-301F-11D3-BF4B-00C04F79EFBC}") = "OnlineCourse", "OnlineCourse\OnlineCourse.csproj", "{B32C3426-E874-4925-A399-0F5E63DAF6F5}"
EndProject
Project("{FAE04EC0-301F-11D3-BF4B-00C04F79EFBC}") = "OnlineCourse.DAL", "OnlineCourse.DAL\OnlineCourse.DAL.csproj", "{63FBDD38-9714-4C09-82B3-082FBD430B96}"
EndProject
Project("{FAE04EC0-301F-11D3-BF4B-00C04F79EFBC}") = "OnlineCourse.Domain", "OnlineCourse.Domain\OnlineCourse.Domain.csproj", "{5DEAD298-45BD-4FB7-ABBB-00F0A5B4AE0D}"
EndProject
Global
	GlobalSection(SolutionConfigurationPlatforms) = preSolution
		Debug|Any CPU = Debug|Any CPU
		Release|Any CPU = Release|Any CPU
	EndGlobalSection
	GlobalSection(ProjectConfigurationPlatforms) = postSolution
		{B32C3426-E874-4925-A399-0F5E63DAF6F5}.Debug|Any CPU.ActiveCfg = Debug|Any CPU
		{B32C3426-E874-4925-A399-0F5E63DAF6F5}.Debug|Any CPU.Build.0 = Debug|Any CPU
		{B32C3426-E874-4925-A399-0F5E63DAF6F5}.Release|Any CPU.ActiveCfg = Release|Any CPU
		{B32C3426-E874-4925-A399-0F5E63DAF6F5}.Release|Any CPU.Build.0 = Release|Any CPU
		{63FBDD38-9714-4C09-82B3-082FBD430B96}.Debug|Any CPU.ActiveCfg = Debug|Any CPU
		{63FBDD38-9714-4C09-82B3-082FBD430B96}.Debug|Any CPU.Build.0 = Debug|Any CPU
		{63FBDD38-9714-4C09-82B3-082FBD430B96}.Release|Any CPU.ActiveCfg = Release|Any CPU
		{63FBDD38-9714-4C09-82B3-082FBD430B96}.Release|Any CPU.Build.0 = Release|Any CPU
		{5DEAD298-45BD-4FB7-ABBB-00F0A5B4AE0D}.Debug|Any CPU.ActiveCfg = Debug|Any CPU
		{5DEAD298-45BD-4FB7-ABBB-00F0A5B4AE0D}.Debug|Any CPU.Build.0 = Debug|Any CPU
		{5DEAD298-45BD-4FB7-ABBB-00F0A5B4AE0D}.Release|Any CPU.ActiveCfg = Release|Any CPU
		{5DEAD298-45BD-4FB7-ABBB-00F0A5B4AE0D}.Release|Any CPU.Build.0 = Release|Any CPU
	EndGlobalSection
	GlobalSection(SolutionProperties) = preSolution
		HideSolutionNode = FALSE
	EndGlobalSection
	GlobalSection(ExtensibilityGlobals) = postSolution
		SolutionGuid = {CF389880-64C8-4D27-B39E-B30282509101}
	EndGlobalSection
EndGlobal
