
Microsoft Visual Studio Solution File, Format Version 12.00
# Visual Studio Version 17
VisualStudioVersion = 17.5.33414.496
MinimumVisualStudioVersion = 10.0.40219.1
Project("{9A19103F-16F7-4668-BE54-9A1E7A4F7556}") = "OnlineCourse.DAL", "OnlineCourse.DAL\OnlineCourse.DAL.csproj", "{63FBDD38-9714-4C09-82B3-082FBD430B96}"
EndProject
Project("{9A19103F-16F7-4668-BE54-9A1E7A4F7556}") = "OnlineCourse.Domain", "OnlineCourse.Domain\OnlineCourse.Domain.csproj", "{5DEAD298-45BD-4FB7-ABBB-00F0A5B4AE0D}"
EndProject
Project("{9A19103F-16F7-4668-BE54-9A1E7A4F7556}") = "OnlineCourse.Service", "OnlineCourse.Service\OnlineCourse.Service.csproj", "{F106179A-1EDC-4F42-B6AD-7347FAD6BF41}"
EndProject
Project("{9A19103F-16F7-4668-BE54-9A1E7A4F7556}") = "OnlineCourse.Api", "OnlineCourse.Api\OnlineCourse.Api.csproj", "{C7FCD657-2308-44C5-ADD4-A1A0F369CB2A}"
EndProject
Project("{9A19103F-16F7-4668-BE54-9A1E7A4F7556}") = "OnlineCourse.Web", "OnlineCourse.Web\OnlineCourse.Web.csproj", "{2F300535-2BA8-4554-B0D7-3B19DE6E0BA2}"
EndProject
Global
	GlobalSection(SolutionConfigurationPlatforms) = preSolution
		Debug|Any CPU = Debug|Any CPU
		Release|Any CPU = Release|Any CPU
	EndGlobalSection
	GlobalSection(ProjectConfigurationPlatforms) = postSolution
		{63FBDD38-9714-4C09-82B3-082FBD430B96}.Debug|Any CPU.ActiveCfg = Debug|Any CPU
		{63FBDD38-9714-4C09-82B3-082FBD430B96}.Debug|Any CPU.Build.0 = Debug|Any CPU
		{63FBDD38-9714-4C09-82B3-082FBD430B96}.Release|Any CPU.ActiveCfg = Release|Any CPU
		{63FBDD38-9714-4C09-82B3-082FBD430B96}.Release|Any CPU.Build.0 = Release|Any CPU
		{5DEAD298-45BD-4FB7-ABBB-00F0A5B4AE0D}.Debug|Any CPU.ActiveCfg = Debug|Any CPU
		{5DEAD298-45BD-4FB7-ABBB-00F0A5B4AE0D}.Debug|Any CPU.Build.0 = Debug|Any CPU
		{5DEAD298-45BD-4FB7-ABBB-00F0A5B4AE0D}.Release|Any CPU.ActiveCfg = Release|Any CPU
		{5DEAD298-45BD-4FB7-ABBB-00F0A5B4AE0D}.Release|Any CPU.Build.0 = Release|Any CPU
		{F106179A-1EDC-4F42-B6AD-7347FAD6BF41}.Debug|Any CPU.ActiveCfg = Debug|Any CPU
		{F106179A-1EDC-4F42-B6AD-7347FAD6BF41}.Debug|Any CPU.Build.0 = Debug|Any CPU
		{F106179A-1EDC-4F42-B6AD-7347FAD6BF41}.Release|Any CPU.ActiveCfg = Release|Any CPU
		{F106179A-1EDC-4F42-B6AD-7347FAD6BF41}.Release|Any CPU.Build.0 = Release|Any CPU
		{C7FCD657-2308-44C5-ADD4-A1A0F369CB2A}.Debug|Any CPU.ActiveCfg = Debug|Any CPU
		{C7FCD657-2308-44C5-ADD4-A1A0F369CB2A}.Debug|Any CPU.Build.0 = Debug|Any CPU
		{C7FCD657-2308-44C5-ADD4-A1A0F369CB2A}.Release|Any CPU.ActiveCfg = Release|Any CPU
		{C7FCD657-2308-44C5-ADD4-A1A0F369CB2A}.Release|Any CPU.Build.0 = Release|Any CPU
		{2F300535-2BA8-4554-B0D7-3B19DE6E0BA2}.Debug|Any CPU.ActiveCfg = Debug|Any CPU
		{2F300535-2BA8-4554-B0D7-3B19DE6E0BA2}.Debug|Any CPU.Build.0 = Debug|Any CPU
		{2F300535-2BA8-4554-B0D7-3B19DE6E0BA2}.Release|Any CPU.ActiveCfg = Release|Any CPU
		{2F300535-2BA8-4554-B0D7-3B19DE6E0BA2}.Release|Any CPU.Build.0 = Release|Any CPU
	EndGlobalSection
	GlobalSection(SolutionProperties) = preSolution
		HideSolutionNode = FALSE
	EndGlobalSection
	GlobalSection(ExtensibilityGlobals) = postSolution
		SolutionGuid = {CF389880-64C8-4D27-B39E-B30282509101}
	EndGlobalSection
EndGlobal
